
Microsoft Visual Studio Solution File, Format Version 12.00
# Visual Studio Version 17
VisualStudioVersion = 17.0.31903.59
MinimumVisualStudioVersion = 10.0.40219.1
Project("{2150E333-8FDC-42A3-9474-1A3956D46DE8}") = "building-blocks", "building-blocks", "{052073C5-1862-4962-8F3B-E2154CD10C8A}"
EndProject
Project("{FAE04EC0-301F-11D3-BF4B-00C04F79EFBC}") = "Hqqq.Contracts", "src\building-blocks\Hqqq.Contracts\Hqqq.Contracts.csproj", "{D82D903A-27EF-419E-86A8-02FB7D68FCB1}"
EndProject
Project("{FAE04EC0-301F-11D3-BF4B-00C04F79EFBC}") = "Hqqq.Domain", "src\building-blocks\Hqqq.Domain\Hqqq.Domain.csproj", "{1E85684F-523C-4476-897B-FCB83FE49885}"
EndProject
Project("{FAE04EC0-301F-11D3-BF4B-00C04F79EFBC}") = "Hqqq.Infrastructure", "src\building-blocks\Hqqq.Infrastructure\Hqqq.Infrastructure.csproj", "{A80EC441-89B6-4C3E-B390-FBF3CE9C1784}"
EndProject
Project("{FAE04EC0-301F-11D3-BF4B-00C04F79EFBC}") = "Hqqq.Observability", "src\building-blocks\Hqqq.Observability\Hqqq.Observability.csproj", "{55AB58B2-9356-4F8C-8262-A8FD1CD356AB}"
EndProject
Project("{2150E333-8FDC-42A3-9474-1A3956D46DE8}") = "services", "services", "{19C8D2A5-5083-46FF-9738-2218AD7DE09A}"
EndProject
Project("{FAE04EC0-301F-11D3-BF4B-00C04F79EFBC}") = "hqqq-reference-data", "src\services\hqqq-reference-data\hqqq-reference-data.csproj", "{44E316B0-6A0F-4022-A9D4-7F063557E924}"
EndProject
Project("{FAE04EC0-301F-11D3-BF4B-00C04F79EFBC}") = "hqqq-ingress", "src\services\hqqq-ingress\hqqq-ingress.csproj", "{FBC9B5D4-9630-4D8B-BC6D-C6EFFFB3DC4C}"
EndProject
Project("{FAE04EC0-301F-11D3-BF4B-00C04F79EFBC}") = "hqqq-quote-engine", "src\services\hqqq-quote-engine\hqqq-quote-engine.csproj", "{E7E2DCA0-B335-43F5-9B6D-4AC7C5D57DAB}"
EndProject
Project("{FAE04EC0-301F-11D3-BF4B-00C04F79EFBC}") = "hqqq-gateway", "src\services\hqqq-gateway\hqqq-gateway.csproj", "{4F2F2229-6698-43DF-9263-11736A47A8CE}"
EndProject
Project("{FAE04EC0-301F-11D3-BF4B-00C04F79EFBC}") = "hqqq-persistence", "src\services\hqqq-persistence\hqqq-persistence.csproj", "{6A0A700E-8135-4B40-805B-386B9B007CBD}"
EndProject
Project("{FAE04EC0-301F-11D3-BF4B-00C04F79EFBC}") = "hqqq-analytics", "src\services\hqqq-analytics\hqqq-analytics.csproj", "{7CE024F5-2F60-407E-9944-B18F5BB1A54E}"
EndProject
Project("{2150E333-8FDC-42A3-9474-1A3956D46DE8}") = "tools", "tools", "{F6EAA97A-F7DD-4DBF-A118-9D0A4A5326C3}"
EndProject
Project("{FAE04EC0-301F-11D3-BF4B-00C04F79EFBC}") = "hqqq-bench", "src\tools\hqqq-bench\hqqq-bench.csproj", "{DBD94578-E1A7-498F-9284-F715735CA278}"
EndProject
Project("{2150E333-8FDC-42A3-9474-1A3956D46DE8}") = "legacy", "legacy", "{06840BD3-BB15-4911-B70C-9D7B5A098FE1}"
EndProject
Project("{FAE04EC0-301F-11D3-BF4B-00C04F79EFBC}") = "hqqq-api", "src\hqqq-api\hqqq-api.csproj", "{25533EF6-5C1C-4CDC-B5C2-AB7DBB2A3DCF}"
EndProject
Project("{FAE04EC0-301F-11D3-BF4B-00C04F79EFBC}") = "hqqq-api.tests", "src\hqqq-api.tests\hqqq-api.tests.csproj", "{D0E98A2B-0523-422F-BE39-DD321A55788C}"
EndProject
Project("{2150E333-8FDC-42A3-9474-1A3956D46DE8}") = "tests", "tests", "{23361592-44DD-405B-A750-3A18E5ECE16D}"
EndProject
Project("{FAE04EC0-301F-11D3-BF4B-00C04F79EFBC}") = "Hqqq.Contracts.Tests", "tests\Hqqq.Contracts.Tests\Hqqq.Contracts.Tests.csproj", "{A4C2A12E-FB5D-4A38-9B95-FFB85B61DA22}"
EndProject
Project("{FAE04EC0-301F-11D3-BF4B-00C04F79EFBC}") = "Hqqq.ReferenceData.Tests", "tests\Hqqq.ReferenceData.Tests\Hqqq.ReferenceData.Tests.csproj", "{5507D499-7305-47CC-976F-A1AF127A5D0F}"
EndProject
Project("{FAE04EC0-301F-11D3-BF4B-00C04F79EFBC}") = "Hqqq.Ingress.Tests", "tests\Hqqq.Ingress.Tests\Hqqq.Ingress.Tests.csproj", "{9153DC32-D898-46F8-AEAB-580A93BAF3C6}"
EndProject
Project("{FAE04EC0-301F-11D3-BF4B-00C04F79EFBC}") = "Hqqq.QuoteEngine.Tests", "tests\Hqqq.QuoteEngine.Tests\Hqqq.QuoteEngine.Tests.csproj", "{BB482513-E528-478D-B2FB-2F458FEC0696}"
EndProject
Project("{FAE04EC0-301F-11D3-BF4B-00C04F79EFBC}") = "Hqqq.Gateway.Tests", "tests\Hqqq.Gateway.Tests\Hqqq.Gateway.Tests.csproj", "{E8497FD9-11B7-47E3-9A3D-E7B5BD5B6FC0}"
EndProject
Project("{FAE04EC0-301F-11D3-BF4B-00C04F79EFBC}") = "Hqqq.Persistence.Tests", "tests\Hqqq.Persistence.Tests\Hqqq.Persistence.Tests.csproj", "{5C90A2BC-42FF-4258-B726-F02CA97D9E67}"
EndProject
Project("{FAE04EC0-301F-11D3-BF4B-00C04F79EFBC}") = "Hqqq.Infrastructure.Tests", "tests\Hqqq.Infrastructure.Tests\Hqqq.Infrastructure.Tests.csproj", "{B3A1E2F4-7D8C-4A5B-9E6D-0F1C2D3E4F5A}"
EndProject
Project("{FAE04EC0-301F-11D3-BF4B-00C04F79EFBC}") = "Hqqq.Analytics.Tests", "tests\Hqqq.Analytics.Tests\Hqqq.Analytics.Tests.csproj", "{77C2903A-419C-4933-9C20-4394F4394BEE}"
EndProject
Project("{2150E333-8FDC-42A3-9474-1A3956D46DE8}") = "src", "src", "{827E0CD3-B72D-47B6-A68D-7590B98EB39B}"
EndProject
Project("{2150E333-8FDC-42A3-9474-1A3956D46DE8}") = "services", "services", "{984BB9B3-3FA3-BE33-9484-CAC21695A33C}"
EndProject
Project("{FAE04EC0-301F-11D3-BF4B-00C04F79EFBC}") = "Hqqq.Observability.Tests", "tests\Hqqq.Observability.Tests\Hqqq.Observability.Tests.csproj", "{C4E1ADA4-5FFD-4607-9BE6-FBB702DFECBB}"
EndProject
Project("{2150E333-8FDC-42A3-9474-1A3956D46DE8}") = "building-blocks", "building-blocks", "{C13E73B6-616D-3195-CD22-1E55A7D1F969}"
EndProject
Global
	GlobalSection(SolutionConfigurationPlatforms) = preSolution
		Debug|Any CPU = Debug|Any CPU
		Debug|x64 = Debug|x64
		Debug|x86 = Debug|x86
		Release|Any CPU = Release|Any CPU
		Release|x64 = Release|x64
		Release|x86 = Release|x86
	EndGlobalSection
	GlobalSection(ProjectConfigurationPlatforms) = postSolution
		{D82D903A-27EF-419E-86A8-02FB7D68FCB1}.Debug|Any CPU.ActiveCfg = Debug|Any CPU
		{D82D903A-27EF-419E-86A8-02FB7D68FCB1}.Debug|Any CPU.Build.0 = Debug|Any CPU
		{D82D903A-27EF-419E-86A8-02FB7D68FCB1}.Debug|x64.ActiveCfg = Debug|Any CPU
		{D82D903A-27EF-419E-86A8-02FB7D68FCB1}.Debug|x64.Build.0 = Debug|Any CPU
		{D82D903A-27EF-419E-86A8-02FB7D68FCB1}.Debug|x86.ActiveCfg = Debug|Any CPU
		{D82D903A-27EF-419E-86A8-02FB7D68FCB1}.Debug|x86.Build.0 = Debug|Any CPU
		{D82D903A-27EF-419E-86A8-02FB7D68FCB1}.Release|Any CPU.ActiveCfg = Release|Any CPU
		{D82D903A-27EF-419E-86A8-02FB7D68FCB1}.Release|Any CPU.Build.0 = Release|Any CPU
		{D82D903A-27EF-419E-86A8-02FB7D68FCB1}.Release|x64.ActiveCfg = Release|Any CPU
		{D82D903A-27EF-419E-86A8-02FB7D68FCB1}.Release|x64.Build.0 = Release|Any CPU
		{D82D903A-27EF-419E-86A8-02FB7D68FCB1}.Release|x86.ActiveCfg = Release|Any CPU
		{D82D903A-27EF-419E-86A8-02FB7D68FCB1}.Release|x86.Build.0 = Release|Any CPU
		{1E85684F-523C-4476-897B-FCB83FE49885}.Debug|Any CPU.ActiveCfg = Debug|Any CPU
		{1E85684F-523C-4476-897B-FCB83FE49885}.Debug|Any CPU.Build.0 = Debug|Any CPU
		{1E85684F-523C-4476-897B-FCB83FE49885}.Debug|x64.ActiveCfg = Debug|Any CPU
		{1E85684F-523C-4476-897B-FCB83FE49885}.Debug|x64.Build.0 = Debug|Any CPU
		{1E85684F-523C-4476-897B-FCB83FE49885}.Debug|x86.ActiveCfg = Debug|Any CPU
		{1E85684F-523C-4476-897B-FCB83FE49885}.Debug|x86.Build.0 = Debug|Any CPU
		{1E85684F-523C-4476-897B-FCB83FE49885}.Release|Any CPU.ActiveCfg = Release|Any CPU
		{1E85684F-523C-4476-897B-FCB83FE49885}.Release|Any CPU.Build.0 = Release|Any CPU
		{1E85684F-523C-4476-897B-FCB83FE49885}.Release|x64.ActiveCfg = Release|Any CPU
		{1E85684F-523C-4476-897B-FCB83FE49885}.Release|x64.Build.0 = Release|Any CPU
		{1E85684F-523C-4476-897B-FCB83FE49885}.Release|x86.ActiveCfg = Release|Any CPU
		{1E85684F-523C-4476-897B-FCB83FE49885}.Release|x86.Build.0 = Release|Any CPU
		{A80EC441-89B6-4C3E-B390-FBF3CE9C1784}.Debug|Any CPU.ActiveCfg = Debug|Any CPU
		{A80EC441-89B6-4C3E-B390-FBF3CE9C1784}.Debug|Any CPU.Build.0 = Debug|Any CPU
		{A80EC441-89B6-4C3E-B390-FBF3CE9C1784}.Debug|x64.ActiveCfg = Debug|Any CPU
		{A80EC441-89B6-4C3E-B390-FBF3CE9C1784}.Debug|x64.Build.0 = Debug|Any CPU
		{A80EC441-89B6-4C3E-B390-FBF3CE9C1784}.Debug|x86.ActiveCfg = Debug|Any CPU
		{A80EC441-89B6-4C3E-B390-FBF3CE9C1784}.Debug|x86.Build.0 = Debug|Any CPU
		{A80EC441-89B6-4C3E-B390-FBF3CE9C1784}.Release|Any CPU.ActiveCfg = Release|Any CPU
		{A80EC441-89B6-4C3E-B390-FBF3CE9C1784}.Release|Any CPU.Build.0 = Release|Any CPU
		{A80EC441-89B6-4C3E-B390-FBF3CE9C1784}.Release|x64.ActiveCfg = Release|Any CPU
		{A80EC441-89B6-4C3E-B390-FBF3CE9C1784}.Release|x64.Build.0 = Release|Any CPU
		{A80EC441-89B6-4C3E-B390-FBF3CE9C1784}.Release|x86.ActiveCfg = Release|Any CPU
		{A80EC441-89B6-4C3E-B390-FBF3CE9C1784}.Release|x86.Build.0 = Release|Any CPU
		{55AB58B2-9356-4F8C-8262-A8FD1CD356AB}.Debug|Any CPU.ActiveCfg = Debug|Any CPU
		{55AB58B2-9356-4F8C-8262-A8FD1CD356AB}.Debug|Any CPU.Build.0 = Debug|Any CPU
		{55AB58B2-9356-4F8C-8262-A8FD1CD356AB}.Debug|x64.ActiveCfg = Debug|Any CPU
		{55AB58B2-9356-4F8C-8262-A8FD1CD356AB}.Debug|x64.Build.0 = Debug|Any CPU
		{55AB58B2-9356-4F8C-8262-A8FD1CD356AB}.Debug|x86.ActiveCfg = Debug|Any CPU
		{55AB58B2-9356-4F8C-8262-A8FD1CD356AB}.Debug|x86.Build.0 = Debug|Any CPU
		{55AB58B2-9356-4F8C-8262-A8FD1CD356AB}.Release|Any CPU.ActiveCfg = Release|Any CPU
		{55AB58B2-9356-4F8C-8262-A8FD1CD356AB}.Release|Any CPU.Build.0 = Release|Any CPU
		{55AB58B2-9356-4F8C-8262-A8FD1CD356AB}.Release|x64.ActiveCfg = Release|Any CPU
		{55AB58B2-9356-4F8C-8262-A8FD1CD356AB}.Release|x64.Build.0 = Release|Any CPU
		{55AB58B2-9356-4F8C-8262-A8FD1CD356AB}.Release|x86.ActiveCfg = Release|Any CPU
		{55AB58B2-9356-4F8C-8262-A8FD1CD356AB}.Release|x86.Build.0 = Release|Any CPU
		{44E316B0-6A0F-4022-A9D4-7F063557E924}.Debug|Any CPU.ActiveCfg = Debug|Any CPU
		{44E316B0-6A0F-4022-A9D4-7F063557E924}.Debug|Any CPU.Build.0 = Debug|Any CPU
		{44E316B0-6A0F-4022-A9D4-7F063557E924}.Debug|x64.ActiveCfg = Debug|Any CPU
		{44E316B0-6A0F-4022-A9D4-7F063557E924}.Debug|x64.Build.0 = Debug|Any CPU
		{44E316B0-6A0F-4022-A9D4-7F063557E924}.Debug|x86.ActiveCfg = Debug|Any CPU
		{44E316B0-6A0F-4022-A9D4-7F063557E924}.Debug|x86.Build.0 = Debug|Any CPU
		{44E316B0-6A0F-4022-A9D4-7F063557E924}.Release|Any CPU.ActiveCfg = Release|Any CPU
		{44E316B0-6A0F-4022-A9D4-7F063557E924}.Release|Any CPU.Build.0 = Release|Any CPU
		{44E316B0-6A0F-4022-A9D4-7F063557E924}.Release|x64.ActiveCfg = Release|Any CPU
		{44E316B0-6A0F-4022-A9D4-7F063557E924}.Release|x64.Build.0 = Release|Any CPU
		{44E316B0-6A0F-4022-A9D4-7F063557E924}.Release|x86.ActiveCfg = Release|Any CPU
		{44E316B0-6A0F-4022-A9D4-7F063557E924}.Release|x86.Build.0 = Release|Any CPU
		{FBC9B5D4-9630-4D8B-BC6D-C6EFFFB3DC4C}.Debug|Any CPU.ActiveCfg = Debug|Any CPU
		{FBC9B5D4-9630-4D8B-BC6D-C6EFFFB3DC4C}.Debug|Any CPU.Build.0 = Debug|Any CPU
		{FBC9B5D4-9630-4D8B-BC6D-C6EFFFB3DC4C}.Debug|x64.ActiveCfg = Debug|Any CPU
		{FBC9B5D4-9630-4D8B-BC6D-C6EFFFB3DC4C}.Debug|x64.Build.0 = Debug|Any CPU
		{FBC9B5D4-9630-4D8B-BC6D-C6EFFFB3DC4C}.Debug|x86.ActiveCfg = Debug|Any CPU
		{FBC9B5D4-9630-4D8B-BC6D-C6EFFFB3DC4C}.Debug|x86.Build.0 = Debug|Any CPU
		{FBC9B5D4-9630-4D8B-BC6D-C6EFFFB3DC4C}.Release|Any CPU.ActiveCfg = Release|Any CPU
		{FBC9B5D4-9630-4D8B-BC6D-C6EFFFB3DC4C}.Release|Any CPU.Build.0 = Release|Any CPU
		{FBC9B5D4-9630-4D8B-BC6D-C6EFFFB3DC4C}.Release|x64.ActiveCfg = Release|Any CPU
		{FBC9B5D4-9630-4D8B-BC6D-C6EFFFB3DC4C}.Release|x64.Build.0 = Release|Any CPU
		{FBC9B5D4-9630-4D8B-BC6D-C6EFFFB3DC4C}.Release|x86.ActiveCfg = Release|Any CPU
		{FBC9B5D4-9630-4D8B-BC6D-C6EFFFB3DC4C}.Release|x86.Build.0 = Release|Any CPU
		{E7E2DCA0-B335-43F5-9B6D-4AC7C5D57DAB}.Debug|Any CPU.ActiveCfg = Debug|Any CPU
		{E7E2DCA0-B335-43F5-9B6D-4AC7C5D57DAB}.Debug|Any CPU.Build.0 = Debug|Any CPU
		{E7E2DCA0-B335-43F5-9B6D-4AC7C5D57DAB}.Debug|x64.ActiveCfg = Debug|Any CPU
		{E7E2DCA0-B335-43F5-9B6D-4AC7C5D57DAB}.Debug|x64.Build.0 = Debug|Any CPU
		{E7E2DCA0-B335-43F5-9B6D-4AC7C5D57DAB}.Debug|x86.ActiveCfg = Debug|Any CPU
		{E7E2DCA0-B335-43F5-9B6D-4AC7C5D57DAB}.Debug|x86.Build.0 = Debug|Any CPU
		{E7E2DCA0-B335-43F5-9B6D-4AC7C5D57DAB}.Release|Any CPU.ActiveCfg = Release|Any CPU
		{E7E2DCA0-B335-43F5-9B6D-4AC7C5D57DAB}.Release|Any CPU.Build.0 = Release|Any CPU
		{E7E2DCA0-B335-43F5-9B6D-4AC7C5D57DAB}.Release|x64.ActiveCfg = Release|Any CPU
		{E7E2DCA0-B335-43F5-9B6D-4AC7C5D57DAB}.Release|x64.Build.0 = Release|Any CPU
		{E7E2DCA0-B335-43F5-9B6D-4AC7C5D57DAB}.Release|x86.ActiveCfg = Release|Any CPU
		{E7E2DCA0-B335-43F5-9B6D-4AC7C5D57DAB}.Release|x86.Build.0 = Release|Any CPU
		{4F2F2229-6698-43DF-9263-11736A47A8CE}.Debug|Any CPU.ActiveCfg = Debug|Any CPU
		{4F2F2229-6698-43DF-9263-11736A47A8CE}.Debug|Any CPU.Build.0 = Debug|Any CPU
		{4F2F2229-6698-43DF-9263-11736A47A8CE}.Debug|x64.ActiveCfg = Debug|Any CPU
		{4F2F2229-6698-43DF-9263-11736A47A8CE}.Debug|x64.Build.0 = Debug|Any CPU
		{4F2F2229-6698-43DF-9263-11736A47A8CE}.Debug|x86.ActiveCfg = Debug|Any CPU
		{4F2F2229-6698-43DF-9263-11736A47A8CE}.Debug|x86.Build.0 = Debug|Any CPU
		{4F2F2229-6698-43DF-9263-11736A47A8CE}.Release|Any CPU.ActiveCfg = Release|Any CPU
		{4F2F2229-6698-43DF-9263-11736A47A8CE}.Release|Any CPU.Build.0 = Release|Any CPU
		{4F2F2229-6698-43DF-9263-11736A47A8CE}.Release|x64.ActiveCfg = Release|Any CPU
		{4F2F2229-6698-43DF-9263-11736A47A8CE}.Release|x64.Build.0 = Release|Any CPU
		{4F2F2229-6698-43DF-9263-11736A47A8CE}.Release|x86.ActiveCfg = Release|Any CPU
		{4F2F2229-6698-43DF-9263-11736A47A8CE}.Release|x86.Build.0 = Release|Any CPU
		{6A0A700E-8135-4B40-805B-386B9B007CBD}.Debug|Any CPU.ActiveCfg = Debug|Any CPU
		{6A0A700E-8135-4B40-805B-386B9B007CBD}.Debug|Any CPU.Build.0 = Debug|Any CPU
		{6A0A700E-8135-4B40-805B-386B9B007CBD}.Debug|x64.ActiveCfg = Debug|Any CPU
		{6A0A700E-8135-4B40-805B-386B9B007CBD}.Debug|x64.Build.0 = Debug|Any CPU
		{6A0A700E-8135-4B40-805B-386B9B007CBD}.Debug|x86.ActiveCfg = Debug|Any CPU
		{6A0A700E-8135-4B40-805B-386B9B007CBD}.Debug|x86.Build.0 = Debug|Any CPU
		{6A0A700E-8135-4B40-805B-386B9B007CBD}.Release|Any CPU.ActiveCfg = Release|Any CPU
		{6A0A700E-8135-4B40-805B-386B9B007CBD}.Release|Any CPU.Build.0 = Release|Any CPU
		{6A0A700E-8135-4B40-805B-386B9B007CBD}.Release|x64.ActiveCfg = Release|Any CPU
		{6A0A700E-8135-4B40-805B-386B9B007CBD}.Release|x64.Build.0 = Release|Any CPU
		{6A0A700E-8135-4B40-805B-386B9B007CBD}.Release|x86.ActiveCfg = Release|Any CPU
		{6A0A700E-8135-4B40-805B-386B9B007CBD}.Release|x86.Build.0 = Release|Any CPU
		{7CE024F5-2F60-407E-9944-B18F5BB1A54E}.Debug|Any CPU.ActiveCfg = Debug|Any CPU
		{7CE024F5-2F60-407E-9944-B18F5BB1A54E}.Debug|Any CPU.Build.0 = Debug|Any CPU
		{7CE024F5-2F60-407E-9944-B18F5BB1A54E}.Debug|x64.ActiveCfg = Debug|Any CPU
		{7CE024F5-2F60-407E-9944-B18F5BB1A54E}.Debug|x64.Build.0 = Debug|Any CPU
		{7CE024F5-2F60-407E-9944-B18F5BB1A54E}.Debug|x86.ActiveCfg = Debug|Any CPU
		{7CE024F5-2F60-407E-9944-B18F5BB1A54E}.Debug|x86.Build.0 = Debug|Any CPU
		{7CE024F5-2F60-407E-9944-B18F5BB1A54E}.Release|Any CPU.ActiveCfg = Release|Any CPU
		{7CE024F5-2F60-407E-9944-B18F5BB1A54E}.Release|Any CPU.Build.0 = Release|Any CPU
		{7CE024F5-2F60-407E-9944-B18F5BB1A54E}.Release|x64.ActiveCfg = Release|Any CPU
		{7CE024F5-2F60-407E-9944-B18F5BB1A54E}.Release|x64.Build.0 = Release|Any CPU
		{7CE024F5-2F60-407E-9944-B18F5BB1A54E}.Release|x86.ActiveCfg = Release|Any CPU
		{7CE024F5-2F60-407E-9944-B18F5BB1A54E}.Release|x86.Build.0 = Release|Any CPU
		{DBD94578-E1A7-498F-9284-F715735CA278}.Debug|Any CPU.ActiveCfg = Debug|Any CPU
		{DBD94578-E1A7-498F-9284-F715735CA278}.Debug|Any CPU.Build.0 = Debug|Any CPU
		{DBD94578-E1A7-498F-9284-F715735CA278}.Debug|x64.ActiveCfg = Debug|Any CPU
		{DBD94578-E1A7-498F-9284-F715735CA278}.Debug|x64.Build.0 = Debug|Any CPU
		{DBD94578-E1A7-498F-9284-F715735CA278}.Debug|x86.ActiveCfg = Debug|Any CPU
		{DBD94578-E1A7-498F-9284-F715735CA278}.Debug|x86.Build.0 = Debug|Any CPU
		{DBD94578-E1A7-498F-9284-F715735CA278}.Release|Any CPU.ActiveCfg = Release|Any CPU
		{DBD94578-E1A7-498F-9284-F715735CA278}.Release|Any CPU.Build.0 = Release|Any CPU
		{DBD94578-E1A7-498F-9284-F715735CA278}.Release|x64.ActiveCfg = Release|Any CPU
		{DBD94578-E1A7-498F-9284-F715735CA278}.Release|x64.Build.0 = Release|Any CPU
		{DBD94578-E1A7-498F-9284-F715735CA278}.Release|x86.ActiveCfg = Release|Any CPU
		{DBD94578-E1A7-498F-9284-F715735CA278}.Release|x86.Build.0 = Release|Any CPU
		{25533EF6-5C1C-4CDC-B5C2-AB7DBB2A3DCF}.Debug|Any CPU.ActiveCfg = Debug|Any CPU
		{25533EF6-5C1C-4CDC-B5C2-AB7DBB2A3DCF}.Debug|Any CPU.Build.0 = Debug|Any CPU
		{25533EF6-5C1C-4CDC-B5C2-AB7DBB2A3DCF}.Debug|x64.ActiveCfg = Debug|Any CPU
		{25533EF6-5C1C-4CDC-B5C2-AB7DBB2A3DCF}.Debug|x64.Build.0 = Debug|Any CPU
		{25533EF6-5C1C-4CDC-B5C2-AB7DBB2A3DCF}.Debug|x86.ActiveCfg = Debug|Any CPU
		{25533EF6-5C1C-4CDC-B5C2-AB7DBB2A3DCF}.Debug|x86.Build.0 = Debug|Any CPU
		{25533EF6-5C1C-4CDC-B5C2-AB7DBB2A3DCF}.Release|Any CPU.ActiveCfg = Release|Any CPU
		{25533EF6-5C1C-4CDC-B5C2-AB7DBB2A3DCF}.Release|Any CPU.Build.0 = Release|Any CPU
		{25533EF6-5C1C-4CDC-B5C2-AB7DBB2A3DCF}.Release|x64.ActiveCfg = Release|Any CPU
		{25533EF6-5C1C-4CDC-B5C2-AB7DBB2A3DCF}.Release|x64.Build.0 = Release|Any CPU
		{25533EF6-5C1C-4CDC-B5C2-AB7DBB2A3DCF}.Release|x86.ActiveCfg = Release|Any CPU
		{25533EF6-5C1C-4CDC-B5C2-AB7DBB2A3DCF}.Release|x86.Build.0 = Release|Any CPU
		{D0E98A2B-0523-422F-BE39-DD321A55788C}.Debug|Any CPU.ActiveCfg = Debug|Any CPU
		{D0E98A2B-0523-422F-BE39-DD321A55788C}.Debug|Any CPU.Build.0 = Debug|Any CPU
		{D0E98A2B-0523-422F-BE39-DD321A55788C}.Debug|x64.ActiveCfg = Debug|Any CPU
		{D0E98A2B-0523-422F-BE39-DD321A55788C}.Debug|x64.Build.0 = Debug|Any CPU
		{D0E98A2B-0523-422F-BE39-DD321A55788C}.Debug|x86.ActiveCfg = Debug|Any CPU
		{D0E98A2B-0523-422F-BE39-DD321A55788C}.Debug|x86.Build.0 = Debug|Any CPU
		{D0E98A2B-0523-422F-BE39-DD321A55788C}.Release|Any CPU.ActiveCfg = Release|Any CPU
		{D0E98A2B-0523-422F-BE39-DD321A55788C}.Release|Any CPU.Build.0 = Release|Any CPU
		{D0E98A2B-0523-422F-BE39-DD321A55788C}.Release|x64.ActiveCfg = Release|Any CPU
		{D0E98A2B-0523-422F-BE39-DD321A55788C}.Release|x64.Build.0 = Release|Any CPU
		{D0E98A2B-0523-422F-BE39-DD321A55788C}.Release|x86.ActiveCfg = Release|Any CPU
		{D0E98A2B-0523-422F-BE39-DD321A55788C}.Release|x86.Build.0 = Release|Any CPU
		{A4C2A12E-FB5D-4A38-9B95-FFB85B61DA22}.Debug|Any CPU.ActiveCfg = Debug|Any CPU
		{A4C2A12E-FB5D-4A38-9B95-FFB85B61DA22}.Debug|Any CPU.Build.0 = Debug|Any CPU
		{A4C2A12E-FB5D-4A38-9B95-FFB85B61DA22}.Debug|x64.ActiveCfg = Debug|Any CPU
		{A4C2A12E-FB5D-4A38-9B95-FFB85B61DA22}.Debug|x64.Build.0 = Debug|Any CPU
		{A4C2A12E-FB5D-4A38-9B95-FFB85B61DA22}.Debug|x86.ActiveCfg = Debug|Any CPU
		{A4C2A12E-FB5D-4A38-9B95-FFB85B61DA22}.Debug|x86.Build.0 = Debug|Any CPU
		{A4C2A12E-FB5D-4A38-9B95-FFB85B61DA22}.Release|Any CPU.ActiveCfg = Release|Any CPU
		{A4C2A12E-FB5D-4A38-9B95-FFB85B61DA22}.Release|Any CPU.Build.0 = Release|Any CPU
		{A4C2A12E-FB5D-4A38-9B95-FFB85B61DA22}.Release|x64.ActiveCfg = Release|Any CPU
		{A4C2A12E-FB5D-4A38-9B95-FFB85B61DA22}.Release|x64.Build.0 = Release|Any CPU
		{A4C2A12E-FB5D-4A38-9B95-FFB85B61DA22}.Release|x86.ActiveCfg = Release|Any CPU
		{A4C2A12E-FB5D-4A38-9B95-FFB85B61DA22}.Release|x86.Build.0 = Release|Any CPU
		{5507D499-7305-47CC-976F-A1AF127A5D0F}.Debug|Any CPU.ActiveCfg = Debug|Any CPU
		{5507D499-7305-47CC-976F-A1AF127A5D0F}.Debug|Any CPU.Build.0 = Debug|Any CPU
		{5507D499-7305-47CC-976F-A1AF127A5D0F}.Debug|x64.ActiveCfg = Debug|Any CPU
		{5507D499-7305-47CC-976F-A1AF127A5D0F}.Debug|x64.Build.0 = Debug|Any CPU
		{5507D499-7305-47CC-976F-A1AF127A5D0F}.Debug|x86.ActiveCfg = Debug|Any CPU
		{5507D499-7305-47CC-976F-A1AF127A5D0F}.Debug|x86.Build.0 = Debug|Any CPU
		{5507D499-7305-47CC-976F-A1AF127A5D0F}.Release|Any CPU.ActiveCfg = Release|Any CPU
		{5507D499-7305-47CC-976F-A1AF127A5D0F}.Release|Any CPU.Build.0 = Release|Any CPU
		{5507D499-7305-47CC-976F-A1AF127A5D0F}.Release|x64.ActiveCfg = Release|Any CPU
		{5507D499-7305-47CC-976F-A1AF127A5D0F}.Release|x64.Build.0 = Release|Any CPU
		{5507D499-7305-47CC-976F-A1AF127A5D0F}.Release|x86.ActiveCfg = Release|Any CPU
		{5507D499-7305-47CC-976F-A1AF127A5D0F}.Release|x86.Build.0 = Release|Any CPU
		{9153DC32-D898-46F8-AEAB-580A93BAF3C6}.Debug|Any CPU.ActiveCfg = Debug|Any CPU
		{9153DC32-D898-46F8-AEAB-580A93BAF3C6}.Debug|Any CPU.Build.0 = Debug|Any CPU
		{9153DC32-D898-46F8-AEAB-580A93BAF3C6}.Debug|x64.ActiveCfg = Debug|Any CPU
		{9153DC32-D898-46F8-AEAB-580A93BAF3C6}.Debug|x64.Build.0 = Debug|Any CPU
		{9153DC32-D898-46F8-AEAB-580A93BAF3C6}.Debug|x86.ActiveCfg = Debug|Any CPU
		{9153DC32-D898-46F8-AEAB-580A93BAF3C6}.Debug|x86.Build.0 = Debug|Any CPU
		{9153DC32-D898-46F8-AEAB-580A93BAF3C6}.Release|Any CPU.ActiveCfg = Release|Any CPU
		{9153DC32-D898-46F8-AEAB-580A93BAF3C6}.Release|Any CPU.Build.0 = Release|Any CPU
		{9153DC32-D898-46F8-AEAB-580A93BAF3C6}.Release|x64.ActiveCfg = Release|Any CPU
		{9153DC32-D898-46F8-AEAB-580A93BAF3C6}.Release|x64.Build.0 = Release|Any CPU
		{9153DC32-D898-46F8-AEAB-580A93BAF3C6}.Release|x86.ActiveCfg = Release|Any CPU
		{9153DC32-D898-46F8-AEAB-580A93BAF3C6}.Release|x86.Build.0 = Release|Any CPU
		{BB482513-E528-478D-B2FB-2F458FEC0696}.Debug|Any CPU.ActiveCfg = Debug|Any CPU
		{BB482513-E528-478D-B2FB-2F458FEC0696}.Debug|Any CPU.Build.0 = Debug|Any CPU
		{BB482513-E528-478D-B2FB-2F458FEC0696}.Debug|x64.ActiveCfg = Debug|Any CPU
		{BB482513-E528-478D-B2FB-2F458FEC0696}.Debug|x64.Build.0 = Debug|Any CPU
		{BB482513-E528-478D-B2FB-2F458FEC0696}.Debug|x86.ActiveCfg = Debug|Any CPU
		{BB482513-E528-478D-B2FB-2F458FEC0696}.Debug|x86.Build.0 = Debug|Any CPU
		{BB482513-E528-478D-B2FB-2F458FEC0696}.Release|Any CPU.ActiveCfg = Release|Any CPU
		{BB482513-E528-478D-B2FB-2F458FEC0696}.Release|Any CPU.Build.0 = Release|Any CPU
		{BB482513-E528-478D-B2FB-2F458FEC0696}.Release|x64.ActiveCfg = Release|Any CPU
		{BB482513-E528-478D-B2FB-2F458FEC0696}.Release|x64.Build.0 = Release|Any CPU
		{BB482513-E528-478D-B2FB-2F458FEC0696}.Release|x86.ActiveCfg = Release|Any CPU
		{BB482513-E528-478D-B2FB-2F458FEC0696}.Release|x86.Build.0 = Release|Any CPU
		{E8497FD9-11B7-47E3-9A3D-E7B5BD5B6FC0}.Debug|Any CPU.ActiveCfg = Debug|Any CPU
		{E8497FD9-11B7-47E3-9A3D-E7B5BD5B6FC0}.Debug|Any CPU.Build.0 = Debug|Any CPU
		{E8497FD9-11B7-47E3-9A3D-E7B5BD5B6FC0}.Debug|x64.ActiveCfg = Debug|Any CPU
		{E8497FD9-11B7-47E3-9A3D-E7B5BD5B6FC0}.Debug|x64.Build.0 = Debug|Any CPU
		{E8497FD9-11B7-47E3-9A3D-E7B5BD5B6FC0}.Debug|x86.ActiveCfg = Debug|Any CPU
		{E8497FD9-11B7-47E3-9A3D-E7B5BD5B6FC0}.Debug|x86.Build.0 = Debug|Any CPU
		{E8497FD9-11B7-47E3-9A3D-E7B5BD5B6FC0}.Release|Any CPU.ActiveCfg = Release|Any CPU
		{E8497FD9-11B7-47E3-9A3D-E7B5BD5B6FC0}.Release|Any CPU.Build.0 = Release|Any CPU
		{E8497FD9-11B7-47E3-9A3D-E7B5BD5B6FC0}.Release|x64.ActiveCfg = Release|Any CPU
		{E8497FD9-11B7-47E3-9A3D-E7B5BD5B6FC0}.Release|x64.Build.0 = Release|Any CPU
		{E8497FD9-11B7-47E3-9A3D-E7B5BD5B6FC0}.Release|x86.ActiveCfg = Release|Any CPU
		{E8497FD9-11B7-47E3-9A3D-E7B5BD5B6FC0}.Release|x86.Build.0 = Release|Any CPU
		{5C90A2BC-42FF-4258-B726-F02CA97D9E67}.Debug|Any CPU.ActiveCfg = Debug|Any CPU
		{5C90A2BC-42FF-4258-B726-F02CA97D9E67}.Debug|Any CPU.Build.0 = Debug|Any CPU
		{5C90A2BC-42FF-4258-B726-F02CA97D9E67}.Debug|x64.ActiveCfg = Debug|Any CPU
		{5C90A2BC-42FF-4258-B726-F02CA97D9E67}.Debug|x64.Build.0 = Debug|Any CPU
		{5C90A2BC-42FF-4258-B726-F02CA97D9E67}.Debug|x86.ActiveCfg = Debug|Any CPU
		{5C90A2BC-42FF-4258-B726-F02CA97D9E67}.Debug|x86.Build.0 = Debug|Any CPU
		{5C90A2BC-42FF-4258-B726-F02CA97D9E67}.Release|Any CPU.ActiveCfg = Release|Any CPU
		{5C90A2BC-42FF-4258-B726-F02CA97D9E67}.Release|Any CPU.Build.0 = Release|Any CPU
		{5C90A2BC-42FF-4258-B726-F02CA97D9E67}.Release|x64.ActiveCfg = Release|Any CPU
		{5C90A2BC-42FF-4258-B726-F02CA97D9E67}.Release|x64.Build.0 = Release|Any CPU
		{5C90A2BC-42FF-4258-B726-F02CA97D9E67}.Release|x86.ActiveCfg = Release|Any CPU
		{5C90A2BC-42FF-4258-B726-F02CA97D9E67}.Release|x86.Build.0 = Release|Any CPU
		{B3A1E2F4-7D8C-4A5B-9E6D-0F1C2D3E4F5A}.Debug|Any CPU.ActiveCfg = Debug|Any CPU
		{B3A1E2F4-7D8C-4A5B-9E6D-0F1C2D3E4F5A}.Debug|Any CPU.Build.0 = Debug|Any CPU
		{B3A1E2F4-7D8C-4A5B-9E6D-0F1C2D3E4F5A}.Debug|x64.ActiveCfg = Debug|Any CPU
		{B3A1E2F4-7D8C-4A5B-9E6D-0F1C2D3E4F5A}.Debug|x64.Build.0 = Debug|Any CPU
		{B3A1E2F4-7D8C-4A5B-9E6D-0F1C2D3E4F5A}.Debug|x86.ActiveCfg = Debug|Any CPU
		{B3A1E2F4-7D8C-4A5B-9E6D-0F1C2D3E4F5A}.Debug|x86.Build.0 = Debug|Any CPU
		{B3A1E2F4-7D8C-4A5B-9E6D-0F1C2D3E4F5A}.Release|Any CPU.ActiveCfg = Release|Any CPU
		{B3A1E2F4-7D8C-4A5B-9E6D-0F1C2D3E4F5A}.Release|Any CPU.Build.0 = Release|Any CPU
		{B3A1E2F4-7D8C-4A5B-9E6D-0F1C2D3E4F5A}.Release|x64.ActiveCfg = Release|Any CPU
		{B3A1E2F4-7D8C-4A5B-9E6D-0F1C2D3E4F5A}.Release|x64.Build.0 = Release|Any CPU
		{B3A1E2F4-7D8C-4A5B-9E6D-0F1C2D3E4F5A}.Release|x86.ActiveCfg = Release|Any CPU
		{B3A1E2F4-7D8C-4A5B-9E6D-0F1C2D3E4F5A}.Release|x86.Build.0 = Release|Any CPU
		{77C2903A-419C-4933-9C20-4394F4394BEE}.Debug|Any CPU.ActiveCfg = Debug|Any CPU
		{77C2903A-419C-4933-9C20-4394F4394BEE}.Debug|Any CPU.Build.0 = Debug|Any CPU
		{77C2903A-419C-4933-9C20-4394F4394BEE}.Debug|x64.ActiveCfg = Debug|Any CPU
		{77C2903A-419C-4933-9C20-4394F4394BEE}.Debug|x64.Build.0 = Debug|Any CPU
		{77C2903A-419C-4933-9C20-4394F4394BEE}.Debug|x86.ActiveCfg = Debug|Any CPU
		{77C2903A-419C-4933-9C20-4394F4394BEE}.Debug|x86.Build.0 = Debug|Any CPU
		{77C2903A-419C-4933-9C20-4394F4394BEE}.Release|Any CPU.ActiveCfg = Release|Any CPU
		{77C2903A-419C-4933-9C20-4394F4394BEE}.Release|Any CPU.Build.0 = Release|Any CPU
		{77C2903A-419C-4933-9C20-4394F4394BEE}.Release|x64.ActiveCfg = Release|Any CPU
		{77C2903A-419C-4933-9C20-4394F4394BEE}.Release|x64.Build.0 = Release|Any CPU
		{77C2903A-419C-4933-9C20-4394F4394BEE}.Release|x86.ActiveCfg = Release|Any CPU
		{77C2903A-419C-4933-9C20-4394F4394BEE}.Release|x86.Build.0 = Release|Any CPU
		{C4E1ADA4-5FFD-4607-9BE6-FBB702DFECBB}.Debug|Any CPU.ActiveCfg = Debug|Any CPU
		{C4E1ADA4-5FFD-4607-9BE6-FBB702DFECBB}.Debug|Any CPU.Build.0 = Debug|Any CPU
		{C4E1ADA4-5FFD-4607-9BE6-FBB702DFECBB}.Debug|x64.ActiveCfg = Debug|Any CPU
		{C4E1ADA4-5FFD-4607-9BE6-FBB702DFECBB}.Debug|x64.Build.0 = Debug|Any CPU
		{C4E1ADA4-5FFD-4607-9BE6-FBB702DFECBB}.Debug|x86.ActiveCfg = Debug|Any CPU
		{C4E1ADA4-5FFD-4607-9BE6-FBB702DFECBB}.Debug|x86.Build.0 = Debug|Any CPU
		{C4E1ADA4-5FFD-4607-9BE6-FBB702DFECBB}.Release|Any CPU.ActiveCfg = Release|Any CPU
		{C4E1ADA4-5FFD-4607-9BE6-FBB702DFECBB}.Release|Any CPU.Build.0 = Release|Any CPU
		{C4E1ADA4-5FFD-4607-9BE6-FBB702DFECBB}.Release|x64.ActiveCfg = Release|Any CPU
		{C4E1ADA4-5FFD-4607-9BE6-FBB702DFECBB}.Release|x64.Build.0 = Release|Any CPU
		{C4E1ADA4-5FFD-4607-9BE6-FBB702DFECBB}.Release|x86.ActiveCfg = Release|Any CPU
		{C4E1ADA4-5FFD-4607-9BE6-FBB702DFECBB}.Release|x86.Build.0 = Release|Any CPU
	EndGlobalSection
	GlobalSection(SolutionProperties) = preSolution
		HideSolutionNode = FALSE
	EndGlobalSection
	GlobalSection(NestedProjects) = preSolution
		{D82D903A-27EF-419E-86A8-02FB7D68FCB1} = {052073C5-1862-4962-8F3B-E2154CD10C8A}
		{1E85684F-523C-4476-897B-FCB83FE49885} = {052073C5-1862-4962-8F3B-E2154CD10C8A}
		{A80EC441-89B6-4C3E-B390-FBF3CE9C1784} = {052073C5-1862-4962-8F3B-E2154CD10C8A}
		{55AB58B2-9356-4F8C-8262-A8FD1CD356AB} = {052073C5-1862-4962-8F3B-E2154CD10C8A}
		{44E316B0-6A0F-4022-A9D4-7F063557E924} = {19C8D2A5-5083-46FF-9738-2218AD7DE09A}
		{FBC9B5D4-9630-4D8B-BC6D-C6EFFFB3DC4C} = {19C8D2A5-5083-46FF-9738-2218AD7DE09A}
		{E7E2DCA0-B335-43F5-9B6D-4AC7C5D57DAB} = {19C8D2A5-5083-46FF-9738-2218AD7DE09A}
		{4F2F2229-6698-43DF-9263-11736A47A8CE} = {19C8D2A5-5083-46FF-9738-2218AD7DE09A}
		{6A0A700E-8135-4B40-805B-386B9B007CBD} = {19C8D2A5-5083-46FF-9738-2218AD7DE09A}
		{7CE024F5-2F60-407E-9944-B18F5BB1A54E} = {19C8D2A5-5083-46FF-9738-2218AD7DE09A}
		{DBD94578-E1A7-498F-9284-F715735CA278} = {F6EAA97A-F7DD-4DBF-A118-9D0A4A5326C3}
		{25533EF6-5C1C-4CDC-B5C2-AB7DBB2A3DCF} = {06840BD3-BB15-4911-B70C-9D7B5A098FE1}
		{D0E98A2B-0523-422F-BE39-DD321A55788C} = {06840BD3-BB15-4911-B70C-9D7B5A098FE1}
		{A4C2A12E-FB5D-4A38-9B95-FFB85B61DA22} = {23361592-44DD-405B-A750-3A18E5ECE16D}
		{5507D499-7305-47CC-976F-A1AF127A5D0F} = {23361592-44DD-405B-A750-3A18E5ECE16D}
		{9153DC32-D898-46F8-AEAB-580A93BAF3C6} = {23361592-44DD-405B-A750-3A18E5ECE16D}
		{BB482513-E528-478D-B2FB-2F458FEC0696} = {23361592-44DD-405B-A750-3A18E5ECE16D}
		{E8497FD9-11B7-47E3-9A3D-E7B5BD5B6FC0} = {23361592-44DD-405B-A750-3A18E5ECE16D}
		{5C90A2BC-42FF-4258-B726-F02CA97D9E67} = {23361592-44DD-405B-A750-3A18E5ECE16D}
		{B3A1E2F4-7D8C-4A5B-9E6D-0F1C2D3E4F5A} = {23361592-44DD-405B-A750-3A18E5ECE16D}
		{77C2903A-419C-4933-9C20-4394F4394BEE} = {23361592-44DD-405B-A750-3A18E5ECE16D}
		{984BB9B3-3FA3-BE33-9484-CAC21695A33C} = {827E0CD3-B72D-47B6-A68D-7590B98EB39B}
		{C4E1ADA4-5FFD-4607-9BE6-FBB702DFECBB} = {23361592-44DD-405B-A750-3A18E5ECE16D}
		{C13E73B6-616D-3195-CD22-1E55A7D1F969} = {827E0CD3-B72D-47B6-A68D-7590B98EB39B}
	EndGlobalSection
EndGlobal
